
Microsoft Visual Studio Solution File, Format Version 12.00
# Visual Studio 2012
Project("{888888A0-9F3D-457C-B088-3A5042F75D52}") = "PythonGame", "Game\PythonGame.pyproj", "{E4E61D6C-FA88-4C8C-A7C4-5DC901D577BF}"
EndProject
Global
	GlobalSection(SolutionConfigurationPlatforms) = preSolution
		Debug|Any CPU = Debug|Any CPU
		Release|Any CPU = Release|Any CPU
	EndGlobalSection
	GlobalSection(ProjectConfigurationPlatforms) = postSolution
		{E4E61D6C-FA88-4C8C-A7C4-5DC901D577BF}.Debug|Any CPU.ActiveCfg = Debug|Any CPU
		{E4E61D6C-FA88-4C8C-A7C4-5DC901D577BF}.Release|Any CPU.ActiveCfg = Release|Any CPU
	EndGlobalSection
	GlobalSection(SolutionProperties) = preSolution
		HideSolutionNode = FALSE
	EndGlobalSection
EndGlobal
